// !$*UTF8*$!
{
	archiveVersion = 1;
	classes = {
	};
	objectVersion = 46;
	objects = {

/* Begin PBXBuildFile section */
		1C692F581AAA455100653675 /* SagradaFamilia.jpeg in Resources */ = {isa = PBXBuildFile; fileRef = 1C692F571AAA455100653675 /* SagradaFamilia.jpeg */; };
		1C692F5A1AAA479D00653675 /* AlbertEinsteinStamp.jpg in Resources */ = {isa = PBXBuildFile; fileRef = 1C692F591AAA479D00653675 /* AlbertEinsteinStamp.jpg */; };
		C02196A979A5C0325375DA08 /* ViewController.swift in Sources */ = {isa = PBXBuildFile; fileRef = C0219C0E7218884E35413BB3 /* ViewController.swift */; };
		C021971D96FDF43DA0BEECC4 /* Main.storyboard in Resources */ = {isa = PBXBuildFile; fileRef = C021937E159994EE23D56511 /* Main.storyboard */; };
		C021973E99CAF4271E83C720 /* AppDelegate.swift in Sources */ = {isa = PBXBuildFile; fileRef = C0219BE6E2540F9D1C88A922 /* AppDelegate.swift */; };
		C021974FC4E71A47CB12D323 /* Images.xcassets in Resources */ = {isa = PBXBuildFile; fileRef = C021963BA57BDEE9ECE29916 /* Images.xcassets */; };
		C0219A961A3CE5F7BB694346 /* PostcardTests.swift in Sources */ = {isa = PBXBuildFile; fileRef = C0219828F82471081AD3BA62 /* PostcardTests.swift */; };
		C0219AA538D65C97F33A1408 /* LaunchScreen.xib in Resources */ = {isa = PBXBuildFile; fileRef = C02196CA8E9C53529B197412 /* LaunchScreen.xib */; };
/* End PBXBuildFile section */

/* Begin PBXContainerItemProxy section */
		C0219FB4DDB2FB72F1502DBC /* PBXContainerItemProxy */ = {
			isa = PBXContainerItemProxy;
			containerPortal = C02199ABC94D2E0E88E339B6 /* Project object */;
			proxyType = 1;
			remoteGlobalIDString = C02195A025B40A9535A06EDE;
			remoteInfo = Postcard;
		};
/* End PBXContainerItemProxy section */

/* Begin PBXFileReference section */
		1C692F571AAA455100653675 /* SagradaFamilia.jpeg */ = {isa = PBXFileReference; lastKnownFileType = image.jpeg; path = SagradaFamilia.jpeg; sourceTree = "<group>"; };
		1C692F591AAA479D00653675 /* AlbertEinsteinStamp.jpg */ = {isa = PBXFileReference; lastKnownFileType = image.jpeg; path = AlbertEinsteinStamp.jpg; sourceTree = "<group>"; };
		C02192315E717A24982255C8 /* Base */ = {isa = PBXFileReference; lastKnownFileType = file.xib; name = Base; path = Base.lproj/LaunchScreen.xib; sourceTree = "<group>"; };
		C0219400965FE5BC6BE4C8AC /* PostcardTests.xctest */ = {isa = PBXFileReference; explicitFileType = wrapper.cfbundle; includeInIndex = 0; path = PostcardTests.xctest; sourceTree = BUILT_PRODUCTS_DIR; };
		C021963BA57BDEE9ECE29916 /* Images.xcassets */ = {isa = PBXFileReference; lastKnownFileType = folder.assetcatalog; path = Images.xcassets; sourceTree = "<group>"; };
		C02197496F79638E0740FBA2 /* Postcard.app */ = {isa = PBXFileReference; explicitFileType = wrapper.application; includeInIndex = 0; path = Postcard.app; sourceTree = BUILT_PRODUCTS_DIR; };
		C021977BD056A475C7E21BC0 /* Info.plist */ = {isa = PBXFileReference; lastKnownFileType = text.plist.info; path = Info.plist; sourceTree = "<group>"; };
		C0219828F82471081AD3BA62 /* PostcardTests.swift */ = {isa = PBXFileReference; lastKnownFileType = sourcecode.swift; path = PostcardTests.swift; sourceTree = "<group>"; };
		C021982EF331F38E13584C3F /* Base */ = {isa = PBXFileReference; lastKnownFileType = file.storyboard; name = Base; path = Base.lproj/Main.storyboard; sourceTree = "<group>"; };
		C0219BE6E2540F9D1C88A922 /* AppDelegate.swift */ = {isa = PBXFileReference; lastKnownFileType = sourcecode.swift; path = AppDelegate.swift; sourceTree = "<group>"; };
		C0219C0E7218884E35413BB3 /* ViewController.swift */ = {isa = PBXFileReference; lastKnownFileType = sourcecode.swift; path = ViewController.swift; sourceTree = "<group>"; };
		C0219C2161759CD67C24EA69 /* Info.plist */ = {isa = PBXFileReference; lastKnownFileType = text.plist.info; path = Info.plist; sourceTree = "<group>"; };
/* End PBXFileReference section */

/* Begin PBXFrameworksBuildPhase section */
		C021943E4F5574087EDB8CFE /* Frameworks */ = {
			isa = PBXFrameworksBuildPhase;
			buildActionMask = 2147483647;
			files = (
			);
			runOnlyForDeploymentPostprocessing = 0;
		};
		C0219B1726B666D98075E57E /* Frameworks */ = {
			isa = PBXFrameworksBuildPhase;
			buildActionMask = 2147483647;
			files = (
			);
			runOnlyForDeploymentPostprocessing = 0;
		};
/* End PBXFrameworksBuildPhase section */

/* Begin PBXGroup section */
		C021907522F5EABC2A4EF15A = {
			isa = PBXGroup;
			children = (
				C02194671D21630DD96CC6CF /* Products */,
				C02196430A1B980916749AA8 /* Postcard */,
				C0219E97F8706E3BCBD3CC93 /* PostcardTests */,
			);
			sourceTree = "<group>";
		};
		C02194671D21630DD96CC6CF /* Products */ = {
			isa = PBXGroup;
			children = (
				C02197496F79638E0740FBA2 /* Postcard.app */,
				C0219400965FE5BC6BE4C8AC /* PostcardTests.xctest */,
			);
			name = Products;
			sourceTree = "<group>";
		};
		C02196430A1B980916749AA8 /* Postcard */ = {
			isa = PBXGroup;
			children = (
				C0219741EBEFAA59717F7928 /* Supporting Files */,
				C021963BA57BDEE9ECE29916 /* Images.xcassets */,
				C02196CA8E9C53529B197412 /* LaunchScreen.xib */,
				C0219BE6E2540F9D1C88A922 /* AppDelegate.swift */,
				C021937E159994EE23D56511 /* Main.storyboard */,
				C0219C0E7218884E35413BB3 /* ViewController.swift */,
			);
			path = Postcard;
			sourceTree = "<group>";
		};
		C0219741EBEFAA59717F7928 /* Supporting Files */ = {
			isa = PBXGroup;
			children = (
				1C692F591AAA479D00653675 /* AlbertEinsteinStamp.jpg */,
				1C692F571AAA455100653675 /* SagradaFamilia.jpeg */,
				C0219C2161759CD67C24EA69 /* Info.plist */,
			);
			name = "Supporting Files";
			sourceTree = "<group>";
		};
		C0219E97F8706E3BCBD3CC93 /* PostcardTests */ = {
			isa = PBXGroup;
			children = (
				C0219EB3BE87A938913DC6A6 /* Supporting Files */,
				C0219828F82471081AD3BA62 /* PostcardTests.swift */,
			);
			path = PostcardTests;
			sourceTree = "<group>";
		};
		C0219EB3BE87A938913DC6A6 /* Supporting Files */ = {
			isa = PBXGroup;
			children = (
				C021977BD056A475C7E21BC0 /* Info.plist */,
			);
			name = "Supporting Files";
			sourceTree = "<group>";
		};
/* End PBXGroup section */

/* Begin PBXNativeTarget section */
		C02195A025B40A9535A06EDE /* Postcard */ = {
			isa = PBXNativeTarget;
			buildConfigurationList = C0219E33052C53F8A8C839C0 /* Build configuration list for PBXNativeTarget "Postcard" */;
			buildPhases = (
				C02191EB7DDC3C865DD77712 /* Sources */,
				C0219B1726B666D98075E57E /* Frameworks */,
				C021967240A2C0DCC887E91B /* Resources */,
			);
			buildRules = (
			);
			dependencies = (
			);
			name = Postcard;
			productName = Postcard;
			productReference = C02197496F79638E0740FBA2 /* Postcard.app */;
			productType = "com.apple.product-type.application";
		};
		C02196643046C4F42E39839E /* PostcardTests */ = {
			isa = PBXNativeTarget;
			buildConfigurationList = C02195115235F90C6F84541C /* Build configuration list for PBXNativeTarget "PostcardTests" */;
			buildPhases = (
				C021964ECE05056E346DB4BC /* Sources */,
				C021943E4F5574087EDB8CFE /* Frameworks */,
				C02191BC40BC2FC85F0FFAE9 /* Resources */,
			);
			buildRules = (
			);
			dependencies = (
				C021955968212D8A7B480EA7 /* PBXTargetDependency */,
			);
			name = PostcardTests;
			productName = PostcardTests;
			productReference = C0219400965FE5BC6BE4C8AC /* PostcardTests.xctest */;
			productType = "com.apple.product-type.bundle.unit-test";
		};
/* End PBXNativeTarget section */

/* Begin PBXProject section */
		C02199ABC94D2E0E88E339B6 /* Project object */ = {
			isa = PBXProject;
			attributes = {
				ORGANIZATIONNAME = MaorLeger;
			};
			buildConfigurationList = C02197A208F846F4659FCB4D /* Build configuration list for PBXProject "Postcard" */;
			compatibilityVersion = "Xcode 3.2";
			developmentRegion = English;
			hasScannedForEncodings = 0;
			knownRegions = (
				en,
			);
			mainGroup = C021907522F5EABC2A4EF15A;
			productRefGroup = C02194671D21630DD96CC6CF /* Products */;
			projectDirPath = "";
			projectRoot = "";
			targets = (
				C02195A025B40A9535A06EDE /* Postcard */,
				C02196643046C4F42E39839E /* PostcardTests */,
			);
		};
/* End PBXProject section */

/* Begin PBXResourcesBuildPhase section */
		C02191BC40BC2FC85F0FFAE9 /* Resources */ = {
			isa = PBXResourcesBuildPhase;
			buildActionMask = 2147483647;
			files = (
			);
			runOnlyForDeploymentPostprocessing = 0;
		};
		C021967240A2C0DCC887E91B /* Resources */ = {
			isa = PBXResourcesBuildPhase;
			buildActionMask = 2147483647;
			files = (
				C021974FC4E71A47CB12D323 /* Images.xcassets in Resources */,
				1C692F581AAA455100653675 /* SagradaFamilia.jpeg in Resources */,
				1C692F5A1AAA479D00653675 /* AlbertEinsteinStamp.jpg in Resources */,
				C0219AA538D65C97F33A1408 /* LaunchScreen.xib in Resources */,
				C021971D96FDF43DA0BEECC4 /* Main.storyboard in Resources */,
			);
			runOnlyForDeploymentPostprocessing = 0;
		};
/* End PBXResourcesBuildPhase section */

/* Begin PBXSourcesBuildPhase section */
		C02191EB7DDC3C865DD77712 /* Sources */ = {
			isa = PBXSourcesBuildPhase;
			buildActionMask = 2147483647;
			files = (
				C021973E99CAF4271E83C720 /* AppDelegate.swift in Sources */,
				C02196A979A5C0325375DA08 /* ViewController.swift in Sources */,
			);
			runOnlyForDeploymentPostprocessing = 0;
		};
		C021964ECE05056E346DB4BC /* Sources */ = {
			isa = PBXSourcesBuildPhase;
			buildActionMask = 2147483647;
			files = (
				C0219A961A3CE5F7BB694346 /* PostcardTests.swift in Sources */,
			);
			runOnlyForDeploymentPostprocessing = 0;
		};
/* End PBXSourcesBuildPhase section */

/* Begin PBXTargetDependency section */
		C021955968212D8A7B480EA7 /* PBXTargetDependency */ = {
			isa = PBXTargetDependency;
			target = C02195A025B40A9535A06EDE /* Postcard */;
			targetProxy = C0219FB4DDB2FB72F1502DBC /* PBXContainerItemProxy */;
		};
/* End PBXTargetDependency section */

/* Begin PBXVariantGroup section */
		C021937E159994EE23D56511 /* Main.storyboard */ = {
			isa = PBXVariantGroup;
			children = (
				C021982EF331F38E13584C3F /* Base */,
			);
			name = Main.storyboard;
			sourceTree = "<group>";
		};
		C02196CA8E9C53529B197412 /* LaunchScreen.xib */ = {
			isa = PBXVariantGroup;
			children = (
				C02192315E717A24982255C8 /* Base */,
			);
			name = LaunchScreen.xib;
			sourceTree = "<group>";
		};
/* End PBXVariantGroup section */

/* Begin XCBuildConfiguration section */
		C02191D62559ACD211856CBA /* Debug */ = {
			isa = XCBuildConfiguration;
			buildSettings = {
				ASSETCATALOG_COMPILER_APPICON_NAME = AppIcon;
				INFOPLIST_FILE = Postcard/Info.plist;
				LD_RUNPATH_SEARCH_PATHS = "$(inherited) @executable_path/Frameworks";
				PRODUCT_NAME = "$(TARGET_NAME)";
			};
			name = Debug;
		};
		C0219581698E20ECDE58FDEA /* Release */ = {
			isa = XCBuildConfiguration;
			buildSettings = {
				ALWAYS_SEARCH_USER_PATHS = NO;
				CLANG_CXX_LANGUAGE_STANDARD = "gnu++0x";
				CLANG_CXX_LIBRARY = "libc++";
				CLANG_ENABLE_MODULES = YES;
				CLANG_ENABLE_OBJC_ARC = YES;
				CLANG_WARN_BOOL_CONVERSION = YES;
				CLANG_WARN_CONSTANT_CONVERSION = YES;
				CLANG_WARN_DIRECT_OBJC_ISA_USAGE = YES_ERROR;
				CLANG_WARN_EMPTY_BODY = YES;
				CLANG_WARN_ENUM_CONVERSION = YES;
				CLANG_WARN_INT_CONVERSION = YES;
				CLANG_WARN_OBJC_ROOT_CLASS = YES_ERROR;
				CLANG_WARN_UNREACHABLE_CODE = YES;
				CLANG_WARN__DUPLICATE_METHOD_MATCH = YES;
				"CODE_SIGN_IDENTITY[sdk=iphoneos*]" = "iPhone Developer";
				COPY_PHASE_STRIP = YES;
				ENABLE_NS_ASSERTIONS = NO;
				ENABLE_STRICT_OBJC_MSGSEND = YES;
				GCC_C_LANGUAGE_STANDARD = gnu99;
				GCC_WARN_64_TO_32_BIT_CONVERSION = YES;
				GCC_WARN_ABOUT_RETURN_TYPE = YES_ERROR;
				GCC_WARN_UNDECLARED_SELECTOR = YES;
				GCC_WARN_UNINITIALIZED_AUTOS = YES_AGGRESSIVE;
				GCC_WARN_UNUSED_FUNCTION = YES;
				GCC_WARN_UNUSED_VARIABLE = YES;
				IPHONEOS_DEPLOYMENT_TARGET = 8.1;
				MTL_ENABLE_DEBUG_INFO = NO;
				SDKROOT = iphoneos;
				TARGETED_DEVICE_FAMILY = "1,2";
				VALIDATE_PRODUCT = YES;
			};
			name = Release;
		};
		C021961EA9FE50DDF165AE84 /* Debug */ = {
			isa = XCBuildConfiguration;
			buildSettings = {
				BUNDLE_LOADER = "$(BUILT_PRODUCTS_DIR)/Postcard.app/Postcard";
				FRAMEWORK_SEARCH_PATHS = (
					"$(SDKROOT)/Developer/Library/Frameworks",
					"$(inherited)",
				);
				INFOPLIST_FILE = PostcardTests/Info.plist;
				LD_RUNPATH_SEARCH_PATHS = "$(inherited) @executable_path/Frameworks @loader_path/Frameworks";
				PRODUCT_NAME = "$(TARGET_NAME)";
				TEST_HOST = "$(BUNDLE_LOADER)";
			};
			name = Debug;
		};
		C0219698F42FC6C2B1659614 /* Release */ = {
			isa = XCBuildConfiguration;
			buildSettings = {
				BUNDLE_LOADER = "$(BUILT_PRODUCTS_DIR)/Postcard.app/Postcard";
				FRAMEWORK_SEARCH_PATHS = (
					"$(SDKROOT)/Developer/Library/Frameworks",
					"$(inherited)",
				);
				INFOPLIST_FILE = PostcardTests/Info.plist;
				LD_RUNPATH_SEARCH_PATHS = "$(inherited) @executable_path/Frameworks @loader_path/Frameworks";
				PRODUCT_NAME = "$(TARGET_NAME)";
				TEST_HOST = "$(BUNDLE_LOADER)";
			};
			name = Release;
		};
		C0219A39A721CF79B1AF7BFA /* Release */ = {
			isa = XCBuildConfiguration;
			buildSettings = {
				ASSETCATALOG_COMPILER_APPICON_NAME = AppIcon;
				INFOPLIST_FILE = Postcard/Info.plist;
				LD_RUNPATH_SEARCH_PATHS = "$(inherited) @executable_path/Frameworks";
				PRODUCT_NAME = "$(TARGET_NAME)";
			};
			name = Release;
		};
		C0219CE834A98E15CF2EEE11 /* Debug */ = {
			isa = XCBuildConfiguration;
			buildSettings = {
				ALWAYS_SEARCH_USER_PATHS = NO;
				CLANG_CXX_LANGUAGE_STANDARD = "gnu++0x";
				CLANG_CXX_LIBRARY = "libc++";
				CLANG_ENABLE_MODULES = YES;
				CLANG_ENABLE_OBJC_ARC = YES;
				CLANG_WARN_BOOL_CONVERSION = YES;
				CLANG_WARN_CONSTANT_CONVERSION = YES;
				CLANG_WARN_DIRECT_OBJC_ISA_USAGE = YES_ERROR;
				CLANG_WARN_EMPTY_BODY = YES;
				CLANG_WARN_ENUM_CONVERSION = YES;
				CLANG_WARN_INT_CONVERSION = YES;
				CLANG_WARN_OBJC_ROOT_CLASS = YES_ERROR;
				CLANG_WARN_UNREACHABLE_CODE = YES;
				CLANG_WARN__DUPLICATE_METHOD_MATCH = YES;
				"CODE_SIGN_IDENTITY[sdk=iphoneos*]" = "iPhone Developer";
				COPY_PHASE_STRIP = NO;
				ENABLE_STRICT_OBJC_MSGSEND = YES;
				GCC_C_LANGUAGE_STANDARD = gnu99;
				GCC_DYNAMIC_NO_PIC = NO;
				GCC_OPTIMIZATION_LEVEL = 0;
				GCC_PREPROCESSOR_DEFINITIONS = (
					"DEBUG=1",
					"$(inherited)",
				);
				GCC_SYMBOLS_PRIVATE_EXTERN = NO;
				GCC_WARN_64_TO_32_BIT_CONVERSION = YES;
				GCC_WARN_ABOUT_RETURN_TYPE = YES_ERROR;
				GCC_WARN_UNDECLARED_SELECTOR = YES;
				GCC_WARN_UNINITIALIZED_AUTOS = YES_AGGRESSIVE;
				GCC_WARN_UNUSED_FUNCTION = YES;
				GCC_WARN_UNUSED_VARIABLE = YES;
				IPHONEOS_DEPLOYMENT_TARGET = 8.1;
				MTL_ENABLE_DEBUG_INFO = YES;
				ONLY_ACTIVE_ARCH = YES;
				SDKROOT = iphoneos;
				SWIFT_OPTIMIZATION_LEVEL = "-Onone";
				TARGETED_DEVICE_FAMILY = "1,2";
			};
			name = Debug;
		};
/* End XCBuildConfiguration section */

/* Begin XCConfigurationList section */
		C02195115235F90C6F84541C /* Build configuration list for PBXNativeTarget "PostcardTests" */ = {
			isa = XCConfigurationList;
			buildConfigurations = (
				C021961EA9FE50DDF165AE84 /* Debug */,
				C0219698F42FC6C2B1659614 /* Release */,
			);
			defaultConfigurationIsVisible = 0;
			defaultConfigurationName = Release;
		};
		C02197A208F846F4659FCB4D /* Build configuration list for PBXProject "Postcard" */ = {
			isa = XCConfigurationList;
			buildConfigurations = (
				C0219CE834A98E15CF2EEE11 /* Debug */,
				C0219581698E20ECDE58FDEA /* Release */,
			);
			defaultConfigurationIsVisible = 0;
			defaultConfigurationName = Release;
		};
		C0219E33052C53F8A8C839C0 /* Build configuration list for PBXNativeTarget "Postcard" */ = {
			isa = XCConfigurationList;
			buildConfigurations = (
				C02191D62559ACD211856CBA /* Debug */,
				C0219A39A721CF79B1AF7BFA /* Release */,
			);
			defaultConfigurationIsVisible = 0;
			defaultConfigurationName = Release;
		};
/* End XCConfigurationList section */
	};
	rootObject = C02199ABC94D2E0E88E339B6 /* Project object */;
}
